{
  "name": "DNitroGen-main",
  "lockfileVersion": 3,
  "requires": true,
  "packages": {
    "": {
      "dependencies": {
        "discordnitro": "^0.1.6"
      }
    },
    "node_modules/discordnitro": {
      "version": "0.1.6",
      "resolved": "https://registry.npmjs.org/discordnitro/-/discordnitro-0.1.6.tgz",
      "integrity": "sha512-c/eHGO/hO3lY21AIh71EknA46cxDc8BjmH/nEFs9rBXyQgxSAZd4gYkeQgqipLQQHwJjL30F+mBJE4++Nei+Gg=="
    }
  }
}
